
Microsoft Visual Studio Solution File, Format Version 12.00
# Visual Studio 15
VisualStudioVersion = 15.0.28010.2050
MinimumVisualStudioVersion = 10.0.40219.1
Project("{FAE04EC0-301F-11D3-BF4B-00C04F79EFBC}") = "PresentationLayer", "PresentationLayer\PresentationLayer.csproj", "{0F85DB5E-A546-45CD-BE9B-C026C13CF180}"
EndProject
Project("{FAE04EC0-301F-11D3-BF4B-00C04F79EFBC}") = "EntitiesLayer", "EntitiesLayer\EntitiesLayer.csproj", "{733AA506-E593-4F1E-B89E-EC0E497B8594}"
EndProject
Project("{FAE04EC0-301F-11D3-BF4B-00C04F79EFBC}") = "ExceptionLayer", "ExceptionLayer\ExceptionLayer.csproj", "{C67D09EB-3B43-44E6-B646-F690D8B4ACE6}"
EndProject
Project("{FAE04EC0-301F-11D3-BF4B-00C04F79EFBC}") = "DataAccessLayer", "DataAccessLayer\DataAccessLayer.csproj", "{69FCCDB1-609C-4CE9-B47C-B19732A638F7}"
EndProject
Project("{FAE04EC0-301F-11D3-BF4B-00C04F79EFBC}") = "BusinessAccessLayer", "BusinessAccessLayer\BusinessAccessLayer.csproj", "{6E444B74-58D6-4630-9B49-81B4229DCF96}"
EndProject
Global
	GlobalSection(SolutionConfigurationPlatforms) = preSolution
		Debug|Any CPU = Debug|Any CPU
		Release|Any CPU = Release|Any CPU
	EndGlobalSection
	GlobalSection(ProjectConfigurationPlatforms) = postSolution
		{0F85DB5E-A546-45CD-BE9B-C026C13CF180}.Debug|Any CPU.ActiveCfg = Debug|Any CPU
		{0F85DB5E-A546-45CD-BE9B-C026C13CF180}.Debug|Any CPU.Build.0 = Debug|Any CPU
		{0F85DB5E-A546-45CD-BE9B-C026C13CF180}.Release|Any CPU.ActiveCfg = Release|Any CPU
		{0F85DB5E-A546-45CD-BE9B-C026C13CF180}.Release|Any CPU.Build.0 = Release|Any CPU
		{733AA506-E593-4F1E-B89E-EC0E497B8594}.Debug|Any CPU.ActiveCfg = Debug|Any CPU
		{733AA506-E593-4F1E-B89E-EC0E497B8594}.Debug|Any CPU.Build.0 = Debug|Any CPU
		{733AA506-E593-4F1E-B89E-EC0E497B8594}.Release|Any CPU.ActiveCfg = Release|Any CPU
		{733AA506-E593-4F1E-B89E-EC0E497B8594}.Release|Any CPU.Build.0 = Release|Any CPU
		{C67D09EB-3B43-44E6-B646-F690D8B4ACE6}.Debug|Any CPU.ActiveCfg = Debug|Any CPU
		{C67D09EB-3B43-44E6-B646-F690D8B4ACE6}.Debug|Any CPU.Build.0 = Debug|Any CPU
		{C67D09EB-3B43-44E6-B646-F690D8B4ACE6}.Release|Any CPU.ActiveCfg = Release|Any CPU
		{C67D09EB-3B43-44E6-B646-F690D8B4ACE6}.Release|Any CPU.Build.0 = Release|Any CPU
		{69FCCDB1-609C-4CE9-B47C-B19732A638F7}.Debug|Any CPU.ActiveCfg = Debug|Any CPU
		{69FCCDB1-609C-4CE9-B47C-B19732A638F7}.Debug|Any CPU.Build.0 = Debug|Any CPU
		{69FCCDB1-609C-4CE9-B47C-B19732A638F7}.Release|Any CPU.ActiveCfg = Release|Any CPU
		{69FCCDB1-609C-4CE9-B47C-B19732A638F7}.Release|Any CPU.Build.0 = Release|Any CPU
		{6E444B74-58D6-4630-9B49-81B4229DCF96}.Debug|Any CPU.ActiveCfg = Debug|Any CPU
		{6E444B74-58D6-4630-9B49-81B4229DCF96}.Debug|Any CPU.Build.0 = Debug|Any CPU
		{6E444B74-58D6-4630-9B49-81B4229DCF96}.Release|Any CPU.ActiveCfg = Release|Any CPU
		{6E444B74-58D6-4630-9B49-81B4229DCF96}.Release|Any CPU.Build.0 = Release|Any CPU
	EndGlobalSection
	GlobalSection(SolutionProperties) = preSolution
		HideSolutionNode = FALSE
	EndGlobalSection
	GlobalSection(ExtensibilityGlobals) = postSolution
		SolutionGuid = {743B4666-1ECC-424B-9F1E-5BB5E68344EF}
	EndGlobalSection
EndGlobal
